
Microsoft Visual Studio Solution File, Format Version 12.00
# Visual Studio Version 17
VisualStudioVersion = 17.11.35222.181
MinimumVisualStudioVersion = 10.0.40219.1
Project("{9A19103F-16F7-4668-BE54-9A1E7A4F7556}") = "BulkyWeb", "BulkyWeb\BulkyWeb.csproj", "{837C478B-8623-476D-B4D2-6439DD7709A0}"
EndProject
Project("{9A19103F-16F7-4668-BE54-9A1E7A4F7556}") = "BulkyWebRazor_Temp", "BulkyWebRazor_Temp\BulkyWebRazor_Temp.csproj", "{F9ADCA1B-DEAF-4C7C-ACE5-18864C982791}"
EndProject
Project("{9A19103F-16F7-4668-BE54-9A1E7A4F7556}") = "Bulky.DataAccess", "Bulky.DataAccess\Bulky.DataAccess.csproj", "{79A026FE-6B11-4180-BFC4-98A2184A1E31}"
EndProject
Project("{9A19103F-16F7-4668-BE54-9A1E7A4F7556}") = "Bulky.Models", "Bulky.Models\Bulky.Models.csproj", "{6A141447-9C35-4C77-933C-D221007FF74D}"
EndProject
Project("{9A19103F-16F7-4668-BE54-9A1E7A4F7556}") = "Bulky.Utility", "Bulky.Utility\Bulky.Utility.csproj", "{D9511055-1628-4BCF-BAD1-813D41324B90}"
EndProject
Global
	GlobalSection(SolutionConfigurationPlatforms) = preSolution
		Debug|Any CPU = Debug|Any CPU
		Release|Any CPU = Release|Any CPU
	EndGlobalSection
	GlobalSection(ProjectConfigurationPlatforms) = postSolution
		{837C478B-8623-476D-B4D2-6439DD7709A0}.Debug|Any CPU.ActiveCfg = Debug|Any CPU
		{837C478B-8623-476D-B4D2-6439DD7709A0}.Debug|Any CPU.Build.0 = Debug|Any CPU
		{837C478B-8623-476D-B4D2-6439DD7709A0}.Release|Any CPU.ActiveCfg = Release|Any CPU
		{837C478B-8623-476D-B4D2-6439DD7709A0}.Release|Any CPU.Build.0 = Release|Any CPU
		{F9ADCA1B-DEAF-4C7C-ACE5-18864C982791}.Debug|Any CPU.ActiveCfg = Debug|Any CPU
		{F9ADCA1B-DEAF-4C7C-ACE5-18864C982791}.Debug|Any CPU.Build.0 = Debug|Any CPU
		{F9ADCA1B-DEAF-4C7C-ACE5-18864C982791}.Release|Any CPU.ActiveCfg = Release|Any CPU
		{F9ADCA1B-DEAF-4C7C-ACE5-18864C982791}.Release|Any CPU.Build.0 = Release|Any CPU
		{79A026FE-6B11-4180-BFC4-98A2184A1E31}.Debug|Any CPU.ActiveCfg = Debug|Any CPU
		{79A026FE-6B11-4180-BFC4-98A2184A1E31}.Debug|Any CPU.Build.0 = Debug|Any CPU
		{79A026FE-6B11-4180-BFC4-98A2184A1E31}.Release|Any CPU.ActiveCfg = Release|Any CPU
		{79A026FE-6B11-4180-BFC4-98A2184A1E31}.Release|Any CPU.Build.0 = Release|Any CPU
		{6A141447-9C35-4C77-933C-D221007FF74D}.Debug|Any CPU.ActiveCfg = Debug|Any CPU
		{6A141447-9C35-4C77-933C-D221007FF74D}.Debug|Any CPU.Build.0 = Debug|Any CPU
		{6A141447-9C35-4C77-933C-D221007FF74D}.Release|Any CPU.ActiveCfg = Release|Any CPU
		{6A141447-9C35-4C77-933C-D221007FF74D}.Release|Any CPU.Build.0 = Release|Any CPU
		{D9511055-1628-4BCF-BAD1-813D41324B90}.Debug|Any CPU.ActiveCfg = Debug|Any CPU
		{D9511055-1628-4BCF-BAD1-813D41324B90}.Debug|Any CPU.Build.0 = Debug|Any CPU
		{D9511055-1628-4BCF-BAD1-813D41324B90}.Release|Any CPU.ActiveCfg = Release|Any CPU
		{D9511055-1628-4BCF-BAD1-813D41324B90}.Release|Any CPU.Build.0 = Release|Any CPU
	EndGlobalSection
	GlobalSection(SolutionProperties) = preSolution
		HideSolutionNode = FALSE
	EndGlobalSection
	GlobalSection(ExtensibilityGlobals) = postSolution
		SolutionGuid = {2AD2C66B-883C-4080-BB48-F3A7270F8BA8}
	EndGlobalSection
EndGlobal
